// !$*UTF8*$!
{
	archiveVersion = 1;
	classes = {
	};
	objectVersion = 55;
	objects = {

/* Begin PBXBuildFile section */
		3B07EE24284C73290003B172 /* dataStore.swift in Sources */ = {isa = PBXBuildFile; fileRef = 3B07EE23284C73290003B172 /* dataStore.swift */; };
		3B07EE26284C96460003B172 /* dataStoreMovieDetailView.swift in Sources */ = {isa = PBXBuildFile; fileRef = 3B07EE25284C96460003B172 /* dataStoreMovieDetailView.swift */; };
		3B07EE28284DC5B30003B172 /* SearchViewController.swift in Sources */ = {isa = PBXBuildFile; fileRef = 3B07EE27284DC5B30003B172 /* SearchViewController.swift */; };
		3B07EE2A284DC6690003B172 /* dataStoreSearchViewController.swift in Sources */ = {isa = PBXBuildFile; fileRef = 3B07EE29284DC6690003B172 /* dataStoreSearchViewController.swift */; };
		3B07EE2F284DC8A30003B172 /* SearchViewStruct.swift in Sources */ = {isa = PBXBuildFile; fileRef = 3B07EE2E284DC8A30003B172 /* SearchViewStruct.swift */; };
		3B07EE35284E88B10003B172 /* Search.storyboard in Resources */ = {isa = PBXBuildFile; fileRef = 3B07EE33284E88B10003B172 /* Search.storyboard */; };
		3B28F7E9284F9EA3003CCAC6 /* dataStoreDirector.swift in Sources */ = {isa = PBXBuildFile; fileRef = 3B28F7E8284F9EA3003CCAC6 /* dataStoreDirector.swift */; };
		3B28F7EB284F9EBF003CCAC6 /* DirectorStruct.swift in Sources */ = {isa = PBXBuildFile; fileRef = 3B28F7EA284F9EBF003CCAC6 /* DirectorStruct.swift */; };
		3B5E20EE283A0282009BF2F2 /* GridCollectionViewController.swift in Sources */ = {isa = PBXBuildFile; fileRef = 3B5E20ED283A0282009BF2F2 /* GridCollectionViewController.swift */; };
		3B5E20F0283A032A009BF2F2 /* ItemCollectionViewCell.swift in Sources */ = {isa = PBXBuildFile; fileRef = 3B5E20EF283A032A009BF2F2 /* ItemCollectionViewCell.swift */; };
		3B5E20F2283A87FB009BF2F2 /* Photo.swift in Sources */ = {isa = PBXBuildFile; fileRef = 3B5E20F1283A87FA009BF2F2 /* Photo.swift */; };
		3B5E20F4283BA095009BF2F2 /* MovieDetailView.swift in Sources */ = {isa = PBXBuildFile; fileRef = 3B5E20F3283BA094009BF2F2 /* MovieDetailView.swift */; };
		3B5E20F6283BA44C009BF2F2 /* MovieDetailStruct.swift in Sources */ = {isa = PBXBuildFile; fileRef = 3B5E20F5283BA44C009BF2F2 /* MovieDetailStruct.swift */; };
		3B5E20F8283BAACD009BF2F2 /* Movie Detail.storyboard in Resources */ = {isa = PBXBuildFile; fileRef = 3B5E20F7283BAACD009BF2F2 /* Movie Detail.storyboard */; };
		6331207A28357B510042220E /* AppDelegate.swift in Sources */ = {isa = PBXBuildFile; fileRef = 6331207928357B510042220E /* AppDelegate.swift */; };
		6331207C28357B510042220E /* SceneDelegate.swift in Sources */ = {isa = PBXBuildFile; fileRef = 6331207B28357B510042220E /* SceneDelegate.swift */; };
		6331208128357B510042220E /* Main.storyboard in Resources */ = {isa = PBXBuildFile; fileRef = 6331207F28357B510042220E /* Main.storyboard */; };
		6331208328357B520042220E /* Assets.xcassets in Resources */ = {isa = PBXBuildFile; fileRef = 6331208228357B520042220E /* Assets.xcassets */; };
		6331208628357B520042220E /* LaunchScreen.storyboard in Resources */ = {isa = PBXBuildFile; fileRef = 6331208428357B520042220E /* LaunchScreen.storyboard */; };
/* End PBXBuildFile section */

/* Begin PBXFileReference section */
		3B07EE23284C73290003B172 /* dataStore.swift */ = {isa = PBXFileReference; lastKnownFileType = sourcecode.swift; path = dataStore.swift; sourceTree = "<group>"; };
		3B07EE25284C96460003B172 /* dataStoreMovieDetailView.swift */ = {isa = PBXFileReference; lastKnownFileType = sourcecode.swift; path = dataStoreMovieDetailView.swift; sourceTree = "<group>"; };
		3B07EE27284DC5B30003B172 /* SearchViewController.swift */ = {isa = PBXFileReference; lastKnownFileType = sourcecode.swift; path = SearchViewController.swift; sourceTree = "<group>"; };
		3B07EE29284DC6690003B172 /* dataStoreSearchViewController.swift */ = {isa = PBXFileReference; lastKnownFileType = sourcecode.swift; path = dataStoreSearchViewController.swift; sourceTree = "<group>"; };
		3B07EE2E284DC8A30003B172 /* SearchViewStruct.swift */ = {isa = PBXFileReference; lastKnownFileType = sourcecode.swift; path = SearchViewStruct.swift; sourceTree = "<group>"; };
		3B07EE34284E88B10003B172 /* Base */ = {isa = PBXFileReference; lastKnownFileType = file.storyboard; name = Base; path = "INFO-6131-project/Base.lproj/Search.storyboard"; sourceTree = "<group>"; };
		3B28F7E8284F9EA3003CCAC6 /* dataStoreDirector.swift */ = {isa = PBXFileReference; lastKnownFileType = sourcecode.swift; path = dataStoreDirector.swift; sourceTree = "<group>"; };
		3B28F7EA284F9EBF003CCAC6 /* DirectorStruct.swift */ = {isa = PBXFileReference; lastKnownFileType = sourcecode.swift; path = DirectorStruct.swift; sourceTree = "<group>"; };
		3B5E20ED283A0282009BF2F2 /* GridCollectionViewController.swift */ = {isa = PBXFileReference; lastKnownFileType = sourcecode.swift; path = GridCollectionViewController.swift; sourceTree = "<group>"; };
		3B5E20EF283A032A009BF2F2 /* ItemCollectionViewCell.swift */ = {isa = PBXFileReference; lastKnownFileType = sourcecode.swift; path = ItemCollectionViewCell.swift; sourceTree = "<group>"; };
		3B5E20F1283A87FA009BF2F2 /* Photo.swift */ = {isa = PBXFileReference; lastKnownFileType = sourcecode.swift; path = Photo.swift; sourceTree = "<group>"; };
		3B5E20F3283BA094009BF2F2 /* MovieDetailView.swift */ = {isa = PBXFileReference; lastKnownFileType = sourcecode.swift; path = MovieDetailView.swift; sourceTree = "<group>"; };
		3B5E20F5283BA44C009BF2F2 /* MovieDetailStruct.swift */ = {isa = PBXFileReference; lastKnownFileType = sourcecode.swift; path = MovieDetailStruct.swift; sourceTree = "<group>"; };
		3B5E20F7283BAACD009BF2F2 /* Movie Detail.storyboard */ = {isa = PBXFileReference; fileEncoding = 4; lastKnownFileType = file.storyboard; path = "Movie Detail.storyboard"; sourceTree = "<group>"; };
		6331207628357B510042220E /* INFO-6131-project.app */ = {isa = PBXFileReference; explicitFileType = wrapper.application; includeInIndex = 0; path = "INFO-6131-project.app"; sourceTree = BUILT_PRODUCTS_DIR; };
		6331207928357B510042220E /* AppDelegate.swift */ = {isa = PBXFileReference; lastKnownFileType = sourcecode.swift; path = AppDelegate.swift; sourceTree = "<group>"; };
		6331207B28357B510042220E /* SceneDelegate.swift */ = {isa = PBXFileReference; lastKnownFileType = sourcecode.swift; path = SceneDelegate.swift; sourceTree = "<group>"; };
		6331208028357B510042220E /* Base */ = {isa = PBXFileReference; lastKnownFileType = file.storyboard; name = Base; path = Base.lproj/Main.storyboard; sourceTree = "<group>"; };
		6331208228357B520042220E /* Assets.xcassets */ = {isa = PBXFileReference; lastKnownFileType = folder.assetcatalog; path = Assets.xcassets; sourceTree = "<group>"; };
		6331208528357B520042220E /* Base */ = {isa = PBXFileReference; lastKnownFileType = file.storyboard; name = Base; path = Base.lproj/LaunchScreen.storyboard; sourceTree = "<group>"; };
		6331208728357B520042220E /* Info.plist */ = {isa = PBXFileReference; lastKnownFileType = text.plist.xml; path = Info.plist; sourceTree = "<group>"; };
/* End PBXFileReference section */

/* Begin PBXFrameworksBuildPhase section */
		6331207328357B510042220E /* Frameworks */ = {
			isa = PBXFrameworksBuildPhase;
			buildActionMask = 2147483647;
			files = (
			);
			runOnlyForDeploymentPostprocessing = 0;
		};
/* End PBXFrameworksBuildPhase section */

/* Begin PBXGroup section */
		6331206D28357B510042220E = {
			isa = PBXGroup;
			children = (
				6331207828357B510042220E /* INFO-6131-project */,
				6331207728357B510042220E /* Products */,
			);
			sourceTree = "<group>";
		};
		6331207728357B510042220E /* Products */ = {
			isa = PBXGroup;
			children = (
				6331207628357B510042220E /* INFO-6131-project.app */,
			);
			name = Products;
			sourceTree = "<group>";
		};
		6331207828357B510042220E /* INFO-6131-project */ = {
			isa = PBXGroup;
			children = (
				6331207928357B510042220E /* AppDelegate.swift */,
				6331207B28357B510042220E /* SceneDelegate.swift */,
				6331207F28357B510042220E /* Main.storyboard */,
				3B5E20F7283BAACD009BF2F2 /* Movie Detail.storyboard */,
				3B07EE33284E88B10003B172 /* Search.storyboard */,
				6331208428357B520042220E /* LaunchScreen.storyboard */,
				6331208228357B520042220E /* Assets.xcassets */,
				6331208728357B520042220E /* Info.plist */,
				3B5E20EF283A032A009BF2F2 /* ItemCollectionViewCell.swift */,
				3B5E20ED283A0282009BF2F2 /* GridCollectionViewController.swift */,
				3B5E20F3283BA094009BF2F2 /* MovieDetailView.swift */,
				3B07EE27284DC5B30003B172 /* SearchViewController.swift */,
				3B5E20F1283A87FA009BF2F2 /* Photo.swift */,
				3B5E20F5283BA44C009BF2F2 /* MovieDetailStruct.swift */,
				3B07EE2E284DC8A30003B172 /* SearchViewStruct.swift */,
				3B28F7EA284F9EBF003CCAC6 /* DirectorStruct.swift */,
				3B07EE23284C73290003B172 /* dataStore.swift */,
				3B07EE25284C96460003B172 /* dataStoreMovieDetailView.swift */,
				3B07EE29284DC6690003B172 /* dataStoreSearchViewController.swift */,
				3B28F7E8284F9EA3003CCAC6 /* dataStoreDirector.swift */,
			);
			path = "INFO-6131-project";
			sourceTree = "<group>";
		};
/* End PBXGroup section */

/* Begin PBXNativeTarget section */
		6331207528357B510042220E /* INFO-6131-project */ = {
			isa = PBXNativeTarget;
			buildConfigurationList = 6331208A28357B520042220E /* Build configuration list for PBXNativeTarget "INFO-6131-project" */;
			buildPhases = (
				6331207228357B510042220E /* Sources */,
				6331207328357B510042220E /* Frameworks */,
				6331207428357B510042220E /* Resources */,
			);
			buildRules = (
			);
			dependencies = (
			);
			name = "INFO-6131-project";
			productName = "INFO-6131-project";
			productReference = 6331207628357B510042220E /* INFO-6131-project.app */;
			productType = "com.apple.product-type.application";
		};
/* End PBXNativeTarget section */

/* Begin PBXProject section */
		6331206E28357B510042220E /* Project object */ = {
			isa = PBXProject;
			attributes = {
				BuildIndependentTargetsInParallel = 1;
				LastSwiftUpdateCheck = 1320;
				LastUpgradeCheck = 1320;
				TargetAttributes = {
					6331207528357B510042220E = {
						CreatedOnToolsVersion = 13.2.1;
					};
				};
			};
			buildConfigurationList = 6331207128357B510042220E /* Build configuration list for PBXProject "INFO-6131-project" */;
			compatibilityVersion = "Xcode 13.0";
			developmentRegion = en;
			hasScannedForEncodings = 0;
			knownRegions = (
				en,
				Base,
			);
			mainGroup = 6331206D28357B510042220E;
			productRefGroup = 6331207728357B510042220E /* Products */;
			projectDirPath = "";
			projectRoot = "";
			targets = (
				6331207528357B510042220E /* INFO-6131-project */,
			);
		};
/* End PBXProject section */

/* Begin PBXResourcesBuildPhase section */
		6331207428357B510042220E /* Resources */ = {
			isa = PBXResourcesBuildPhase;
			buildActionMask = 2147483647;
			files = (
				6331208628357B520042220E /* LaunchScreen.storyboard in Resources */,
				3B5E20F8283BAACD009BF2F2 /* Movie Detail.storyboard in Resources */,
				6331208328357B520042220E /* Assets.xcassets in Resources */,
				6331208128357B510042220E /* Main.storyboard in Resources */,
				3B07EE35284E88B10003B172 /* Search.storyboard in Resources */,
			);
			runOnlyForDeploymentPostprocessing = 0;
		};
/* End PBXResourcesBuildPhase section */

/* Begin PBXSourcesBuildPhase section */
		6331207228357B510042220E /* Sources */ = {
			isa = PBXSourcesBuildPhase;
			buildActionMask = 2147483647;
			files = (
				3B07EE28284DC5B30003B172 /* SearchViewController.swift in Sources */,
				3B5E20F4283BA095009BF2F2 /* MovieDetailView.swift in Sources */,
				3B07EE26284C96460003B172 /* dataStoreMovieDetailView.swift in Sources */,
				3B07EE2F284DC8A30003B172 /* SearchViewStruct.swift in Sources */,
				3B07EE24284C73290003B172 /* dataStore.swift in Sources */,
				6331207A28357B510042220E /* AppDelegate.swift in Sources */,
				3B5E20F0283A032A009BF2F2 /* ItemCollectionViewCell.swift in Sources */,
				3B28F7E9284F9EA3003CCAC6 /* dataStoreDirector.swift in Sources */,
				3B5E20F6283BA44C009BF2F2 /* MovieDetailStruct.swift in Sources */,
				3B5E20EE283A0282009BF2F2 /* GridCollectionViewController.swift in Sources */,
				3B07EE2A284DC6690003B172 /* dataStoreSearchViewController.swift in Sources */,
				6331207C28357B510042220E /* SceneDelegate.swift in Sources */,
				3B28F7EB284F9EBF003CCAC6 /* DirectorStruct.swift in Sources */,
				3B5E20F2283A87FB009BF2F2 /* Photo.swift in Sources */,
			);
			runOnlyForDeploymentPostprocessing = 0;
		};
/* End PBXSourcesBuildPhase section */

/* Begin PBXVariantGroup section */
		3B07EE33284E88B10003B172 /* Search.storyboard */ = {
			isa = PBXVariantGroup;
			children = (
				3B07EE34284E88B10003B172 /* Base */,
			);
			name = Search.storyboard;
			sourceTree = "<group>";
		};
		6331207F28357B510042220E /* Main.storyboard */ = {
			isa = PBXVariantGroup;
			children = (
				6331208028357B510042220E /* Base */,
			);
			name = Main.storyboard;
			sourceTree = "<group>";
		};
		6331208428357B520042220E /* LaunchScreen.storyboard */ = {
			isa = PBXVariantGroup;
			children = (
				6331208528357B520042220E /* Base */,
			);
			name = LaunchScreen.storyboard;
			sourceTree = "<group>";
		};
/* End PBXVariantGroup section */

/* Begin XCBuildConfiguration section */
		6331208828357B520042220E /* Debug */ = {
			isa = XCBuildConfiguration;
			buildSettings = {
				ALWAYS_SEARCH_USER_PATHS = NO;
				CLANG_ANALYZER_NONNULL = YES;
				CLANG_ANALYZER_NUMBER_OBJECT_CONVERSION = YES_AGGRESSIVE;
				CLANG_CXX_LANGUAGE_STANDARD = "gnu++17";
				CLANG_CXX_LIBRARY = "libc++";
				CLANG_ENABLE_MODULES = YES;
				CLANG_ENABLE_OBJC_ARC = YES;
				CLANG_ENABLE_OBJC_WEAK = YES;
				CLANG_WARN_BLOCK_CAPTURE_AUTORELEASING = YES;
				CLANG_WARN_BOOL_CONVERSION = YES;
				CLANG_WARN_COMMA = YES;
				CLANG_WARN_CONSTANT_CONVERSION = YES;
				CLANG_WARN_DEPRECATED_OBJC_IMPLEMENTATIONS = YES;
				CLANG_WARN_DIRECT_OBJC_ISA_USAGE = YES_ERROR;
				CLANG_WARN_DOCUMENTATION_COMMENTS = YES;
				CLANG_WARN_EMPTY_BODY = YES;
				CLANG_WARN_ENUM_CONVERSION = YES;
				CLANG_WARN_INFINITE_RECURSION = YES;
				CLANG_WARN_INT_CONVERSION = YES;
				CLANG_WARN_NON_LITERAL_NULL_CONVERSION = YES;
				CLANG_WARN_OBJC_IMPLICIT_RETAIN_SELF = YES;
				CLANG_WARN_OBJC_LITERAL_CONVERSION = YES;
				CLANG_WARN_OBJC_ROOT_CLASS = YES_ERROR;
				CLANG_WARN_QUOTED_INCLUDE_IN_FRAMEWORK_HEADER = YES;
				CLANG_WARN_RANGE_LOOP_ANALYSIS = YES;
				CLANG_WARN_STRICT_PROTOTYPES = YES;
				CLANG_WARN_SUSPICIOUS_MOVE = YES;
				CLANG_WARN_UNGUARDED_AVAILABILITY = YES_AGGRESSIVE;
				CLANG_WARN_UNREACHABLE_CODE = YES;
				CLANG_WARN__DUPLICATE_METHOD_MATCH = YES;
				COPY_PHASE_STRIP = NO;
				DEBUG_INFORMATION_FORMAT = dwarf;
				ENABLE_STRICT_OBJC_MSGSEND = YES;
				ENABLE_TESTABILITY = YES;
				GCC_C_LANGUAGE_STANDARD = gnu11;
				GCC_DYNAMIC_NO_PIC = NO;
				GCC_NO_COMMON_BLOCKS = YES;
				GCC_OPTIMIZATION_LEVEL = 0;
				GCC_PREPROCESSOR_DEFINITIONS = (
					"DEBUG=1",
					"$(inherited)",
				);
				GCC_WARN_64_TO_32_BIT_CONVERSION = YES;
				GCC_WARN_ABOUT_RETURN_TYPE = YES_ERROR;
				GCC_WARN_UNDECLARED_SELECTOR = YES;
				GCC_WARN_UNINITIALIZED_AUTOS = YES_AGGRESSIVE;
				GCC_WARN_UNUSED_FUNCTION = YES;
				GCC_WARN_UNUSED_VARIABLE = YES;
				IPHONEOS_DEPLOYMENT_TARGET = 15.2;
				MTL_ENABLE_DEBUG_INFO = INCLUDE_SOURCE;
				MTL_FAST_MATH = YES;
				ONLY_ACTIVE_ARCH = YES;
				SDKROOT = iphoneos;
				SWIFT_ACTIVE_COMPILATION_CONDITIONS = DEBUG;
				SWIFT_OPTIMIZATION_LEVEL = "-Onone";
			};
			name = Debug;
		};
		6331208928357B520042220E /* Release */ = {
			isa = XCBuildConfiguration;
			buildSettings = {
				ALWAYS_SEARCH_USER_PATHS = NO;
				CLANG_ANALYZER_NONNULL = YES;
				CLANG_ANALYZER_NUMBER_OBJECT_CONVERSION = YES_AGGRESSIVE;
				CLANG_CXX_LANGUAGE_STANDARD = "gnu++17";
				CLANG_CXX_LIBRARY = "libc++";
				CLANG_ENABLE_MODULES = YES;
				CLANG_ENABLE_OBJC_ARC = YES;
				CLANG_ENABLE_OBJC_WEAK = YES;
				CLANG_WARN_BLOCK_CAPTURE_AUTORELEASING = YES;
				CLANG_WARN_BOOL_CONVERSION = YES;
				CLANG_WARN_COMMA = YES;
				CLANG_WARN_CONSTANT_CONVERSION = YES;
				CLANG_WARN_DEPRECATED_OBJC_IMPLEMENTATIONS = YES;
				CLANG_WARN_DIRECT_OBJC_ISA_USAGE = YES_ERROR;
				CLANG_WARN_DOCUMENTATION_COMMENTS = YES;
				CLANG_WARN_EMPTY_BODY = YES;
				CLANG_WARN_ENUM_CONVERSION = YES;
				CLANG_WARN_INFINITE_RECURSION = YES;
				CLANG_WARN_INT_CONVERSION = YES;
				CLANG_WARN_NON_LITERAL_NULL_CONVERSION = YES;
				CLANG_WARN_OBJC_IMPLICIT_RETAIN_SELF = YES;
				CLANG_WARN_OBJC_LITERAL_CONVERSION = YES;
				CLANG_WARN_OBJC_ROOT_CLASS = YES_ERROR;
				CLANG_WARN_QUOTED_INCLUDE_IN_FRAMEWORK_HEADER = YES;
				CLANG_WARN_RANGE_LOOP_ANALYSIS = YES;
				CLANG_WARN_STRICT_PROTOTYPES = YES;
				CLANG_WARN_SUSPICIOUS_MOVE = YES;
				CLANG_WARN_UNGUARDED_AVAILABILITY = YES_AGGRESSIVE;
				CLANG_WARN_UNREACHABLE_CODE = YES;
				CLANG_WARN__DUPLICATE_METHOD_MATCH = YES;
				COPY_PHASE_STRIP = NO;
				DEBUG_INFORMATION_FORMAT = "dwarf-with-dsym";
				ENABLE_NS_ASSERTIONS = NO;
				ENABLE_STRICT_OBJC_MSGSEND = YES;
				GCC_C_LANGUAGE_STANDARD = gnu11;
				GCC_NO_COMMON_BLOCKS = YES;
				GCC_WARN_64_TO_32_BIT_CONVERSION = YES;
				GCC_WARN_ABOUT_RETURN_TYPE = YES_ERROR;
				GCC_WARN_UNDECLARED_SELECTOR = YES;
				GCC_WARN_UNINITIALIZED_AUTOS = YES_AGGRESSIVE;
				GCC_WARN_UNUSED_FUNCTION = YES;
				GCC_WARN_UNUSED_VARIABLE = YES;
				IPHONEOS_DEPLOYMENT_TARGET = 15.2;
				MTL_ENABLE_DEBUG_INFO = NO;
				MTL_FAST_MATH = YES;
				SDKROOT = iphoneos;
				SWIFT_COMPILATION_MODE = wholemodule;
				SWIFT_OPTIMIZATION_LEVEL = "-O";
				VALIDATE_PRODUCT = YES;
			};
			name = Release;
		};
		6331208B28357B520042220E /* Debug */ = {
			isa = XCBuildConfiguration;
			buildSettings = {
				ASSETCATALOG_COMPILER_APPICON_NAME = AppIcon;
				ASSETCATALOG_COMPILER_GLOBAL_ACCENT_COLOR_NAME = AccentColor;
				CODE_SIGN_STYLE = Automatic;
				CURRENT_PROJECT_VERSION = 1;
				GENERATE_INFOPLIST_FILE = YES;
				INFOPLIST_FILE = "INFO-6131-project/Info.plist";
				INFOPLIST_KEY_UIApplicationSupportsIndirectInputEvents = YES;
				INFOPLIST_KEY_UILaunchStoryboardName = LaunchScreen;
				INFOPLIST_KEY_UIMainStoryboardFile = Main;
				INFOPLIST_KEY_UISupportedInterfaceOrientations_iPad = "UIInterfaceOrientationPortrait UIInterfaceOrientationPortraitUpsideDown UIInterfaceOrientationLandscapeLeft UIInterfaceOrientationLandscapeRight";
				INFOPLIST_KEY_UISupportedInterfaceOrientations_iPhone = "UIInterfaceOrientationPortrait UIInterfaceOrientationLandscapeLeft UIInterfaceOrientationLandscapeRight";
				LD_RUNPATH_SEARCH_PATHS = (
					"$(inherited)",
					"@executable_path/Frameworks",
				);
				MARKETING_VERSION = 1.0;
				PRODUCT_BUNDLE_IDENTIFIER = "com.example.dibanez.INFO-6131-project";
				PRODUCT_NAME = "$(TARGET_NAME)";
				SWIFT_EMIT_LOC_STRINGS = YES;
				SWIFT_VERSION = 5.0;
				TARGETED_DEVICE_FAMILY = "1,2";
			};
			name = Debug;
		};
		6331208C28357B520042220E /* Release */ = {
			isa = XCBuildConfiguration;
			buildSettings = {
				ASSETCATALOG_COMPILER_APPICON_NAME = AppIcon;
				ASSETCATALOG_COMPILER_GLOBAL_ACCENT_COLOR_NAME = AccentColor;
				CODE_SIGN_STYLE = Automatic;
				CURRENT_PROJECT_VERSION = 1;
				GENERATE_INFOPLIST_FILE = YES;
				INFOPLIST_FILE = "INFO-6131-project/Info.plist";
				INFOPLIST_KEY_UIApplicationSupportsIndirectInputEvents = YES;
				INFOPLIST_KEY_UILaunchStoryboardName = LaunchScreen;
				INFOPLIST_KEY_UIMainStoryboardFile = Main;
				INFOPLIST_KEY_UISupportedInterfaceOrientations_iPad = "UIInterfaceOrientationPortrait UIInterfaceOrientationPortraitUpsideDown UIInterfaceOrientationLandscapeLeft UIInterfaceOrientationLandscapeRight";
				INFOPLIST_KEY_UISupportedInterfaceOrientations_iPhone = "UIInterfaceOrientationPortrait UIInterfaceOrientationLandscapeLeft UIInterfaceOrientationLandscapeRight";
				LD_RUNPATH_SEARCH_PATHS = (
					"$(inherited)",
					"@executable_path/Frameworks",
				);
				MARKETING_VERSION = 1.0;
				PRODUCT_BUNDLE_IDENTIFIER = "com.example.dibanez.INFO-6131-project";
				PRODUCT_NAME = "$(TARGET_NAME)";
				SWIFT_EMIT_LOC_STRINGS = YES;
				SWIFT_VERSION = 5.0;
				TARGETED_DEVICE_FAMILY = "1,2";
			};
			name = Release;
		};
/* End XCBuildConfiguration section */

/* Begin XCConfigurationList section */
		6331207128357B510042220E /* Build configuration list for PBXProject "INFO-6131-project" */ = {
			isa = XCConfigurationList;
			buildConfigurations = (
				6331208828357B520042220E /* Debug */,
				6331208928357B520042220E /* Release */,
			);
			defaultConfigurationIsVisible = 0;
			defaultConfigurationName = Release;
		};
		6331208A28357B520042220E /* Build configuration list for PBXNativeTarget "INFO-6131-project" */ = {
			isa = XCConfigurationList;
			buildConfigurations = (
				6331208B28357B520042220E /* Debug */,
				6331208C28357B520042220E /* Release */,
			);
			defaultConfigurationIsVisible = 0;
			defaultConfigurationName = Release;
		};
/* End XCConfigurationList section */
	};
	rootObject = 6331206E28357B510042220E /* Project object */;
}
